// !$*UTF8*$!
{
	archiveVersion = 1;
	classes = {
	};
	objectVersion = 50;
	objects = {

/* Begin PBXBuildFile section */
		38171BD427FE04FB003EE384 /* AppDelegate.swift in Sources */ = {isa = PBXBuildFile; fileRef = 38171BD327FE04FB003EE384 /* AppDelegate.swift */; };
		38171BD627FE04FB003EE384 /* SceneDelegate.swift in Sources */ = {isa = PBXBuildFile; fileRef = 38171BD527FE04FB003EE384 /* SceneDelegate.swift */; };
		38171BD827FE04FB003EE384 /* ContentView.swift in Sources */ = {isa = PBXBuildFile; fileRef = 38171BD727FE04FB003EE384 /* ContentView.swift */; };
		38171BDA27FE04FE003EE384 /* Assets.xcassets in Resources */ = {isa = PBXBuildFile; fileRef = 38171BD927FE04FE003EE384 /* Assets.xcassets */; };
		38171BDD27FE04FE003EE384 /* Preview Assets.xcassets in Resources */ = {isa = PBXBuildFile; fileRef = 38171BDC27FE04FE003EE384 /* Preview Assets.xcassets */; };
		38171BE027FE04FE003EE384 /* LaunchScreen.storyboard in Resources */ = {isa = PBXBuildFile; fileRef = 38171BDE27FE04FE003EE384 /* LaunchScreen.storyboard */; };
		38171BE827FE1011003EE384 /* GuessLabel.swift in Sources */ = {isa = PBXBuildFile; fileRef = 38171BE727FE1011003EE384 /* GuessLabel.swift */; };
		38171BEA27FE101C003EE384 /* GuessRow.swift in Sources */ = {isa = PBXBuildFile; fileRef = 38171BE927FE101C003EE384 /* GuessRow.swift */; };
		38171BEC27FE149C003EE384 /* WordList.swift in Sources */ = {isa = PBXBuildFile; fileRef = 38171BEB27FE149C003EE384 /* WordList.swift */; };
		38171BEE27FE14DE003EE384 /* Extensions.swift in Sources */ = {isa = PBXBuildFile; fileRef = 38171BED27FE14DE003EE384 /* Extensions.swift */; };
		38171BF027FE165E003EE384 /* LetterButton.swift in Sources */ = {isa = PBXBuildFile; fileRef = 38171BEF27FE165E003EE384 /* LetterButton.swift */; };
/* End PBXBuildFile section */

/* Begin PBXFileReference section */
		38171BD027FE04FB003EE384 /* WordleSwiftUI.app */ = {isa = PBXFileReference; explicitFileType = wrapper.application; includeInIndex = 0; path = WordleSwiftUI.app; sourceTree = BUILT_PRODUCTS_DIR; };
		38171BD327FE04FB003EE384 /* AppDelegate.swift */ = {isa = PBXFileReference; lastKnownFileType = sourcecode.swift; path = AppDelegate.swift; sourceTree = "<group>"; };
		38171BD527FE04FB003EE384 /* SceneDelegate.swift */ = {isa = PBXFileReference; lastKnownFileType = sourcecode.swift; path = SceneDelegate.swift; sourceTree = "<group>"; };
		38171BD727FE04FB003EE384 /* ContentView.swift */ = {isa = PBXFileReference; lastKnownFileType = sourcecode.swift; path = ContentView.swift; sourceTree = "<group>"; };
		38171BD927FE04FE003EE384 /* Assets.xcassets */ = {isa = PBXFileReference; lastKnownFileType = folder.assetcatalog; path = Assets.xcassets; sourceTree = "<group>"; };
		38171BDC27FE04FE003EE384 /* Preview Assets.xcassets */ = {isa = PBXFileReference; lastKnownFileType = folder.assetcatalog; path = "Preview Assets.xcassets"; sourceTree = "<group>"; };
		38171BDF27FE04FE003EE384 /* Base */ = {isa = PBXFileReference; lastKnownFileType = file.storyboard; name = Base; path = Base.lproj/LaunchScreen.storyboard; sourceTree = "<group>"; };
		38171BE127FE04FE003EE384 /* Info.plist */ = {isa = PBXFileReference; lastKnownFileType = text.plist.xml; path = Info.plist; sourceTree = "<group>"; };
		38171BE727FE1011003EE384 /* GuessLabel.swift */ = {isa = PBXFileReference; lastKnownFileType = sourcecode.swift; path = GuessLabel.swift; sourceTree = "<group>"; };
		38171BE927FE101C003EE384 /* GuessRow.swift */ = {isa = PBXFileReference; lastKnownFileType = sourcecode.swift; path = GuessRow.swift; sourceTree = "<group>"; };
		38171BEB27FE149C003EE384 /* WordList.swift */ = {isa = PBXFileReference; lastKnownFileType = sourcecode.swift; path = WordList.swift; sourceTree = "<group>"; };
		38171BED27FE14DE003EE384 /* Extensions.swift */ = {isa = PBXFileReference; lastKnownFileType = sourcecode.swift; path = Extensions.swift; sourceTree = "<group>"; };
		38171BEF27FE165E003EE384 /* LetterButton.swift */ = {isa = PBXFileReference; lastKnownFileType = sourcecode.swift; path = LetterButton.swift; sourceTree = "<group>"; };
/* End PBXFileReference section */

/* Begin PBXFrameworksBuildPhase section */
		38171BCD27FE04FB003EE384 /* Frameworks */ = {
			isa = PBXFrameworksBuildPhase;
			buildActionMask = 2147483647;
			files = (
			);
			runOnlyForDeploymentPostprocessing = 0;
		};
/* End PBXFrameworksBuildPhase section */

/* Begin PBXGroup section */
		38171BC727FE04FB003EE384 = {
			isa = PBXGroup;
			children = (
				38171BD227FE04FB003EE384 /* WordleSwiftUI */,
				38171BD127FE04FB003EE384 /* Products */,
			);
			sourceTree = "<group>";
		};
		38171BD127FE04FB003EE384 /* Products */ = {
			isa = PBXGroup;
			children = (
				38171BD027FE04FB003EE384 /* WordleSwiftUI.app */,
			);
			name = Products;
			sourceTree = "<group>";
		};
		38171BD227FE04FB003EE384 /* WordleSwiftUI */ = {
			isa = PBXGroup;
			children = (
				38171BD327FE04FB003EE384 /* AppDelegate.swift */,
				38171BD527FE04FB003EE384 /* SceneDelegate.swift */,
				38171BD727FE04FB003EE384 /* ContentView.swift */,
				38171BEF27FE165E003EE384 /* LetterButton.swift */,
				38171BE727FE1011003EE384 /* GuessLabel.swift */,
				38171BE927FE101C003EE384 /* GuessRow.swift */,
				38171BEB27FE149C003EE384 /* WordList.swift */,
				38171BED27FE14DE003EE384 /* Extensions.swift */,
				38171BD927FE04FE003EE384 /* Assets.xcassets */,
				38171BDE27FE04FE003EE384 /* LaunchScreen.storyboard */,
				38171BE127FE04FE003EE384 /* Info.plist */,
				38171BDB27FE04FE003EE384 /* Preview Content */,
			);
			path = WordleSwiftUI;
			sourceTree = "<group>";
		};
		38171BDB27FE04FE003EE384 /* Preview Content */ = {
			isa = PBXGroup;
			children = (
				38171BDC27FE04FE003EE384 /* Preview Assets.xcassets */,
			);
			path = "Preview Content";
			sourceTree = "<group>";
		};
/* End PBXGroup section */

/* Begin PBXNativeTarget section */
		38171BCF27FE04FB003EE384 /* WordleSwiftUI */ = {
			isa = PBXNativeTarget;
			buildConfigurationList = 38171BE427FE04FE003EE384 /* Build configuration list for PBXNativeTarget "WordleSwiftUI" */;
			buildPhases = (
				38171BCC27FE04FB003EE384 /* Sources */,
				38171BCD27FE04FB003EE384 /* Frameworks */,
				38171BCE27FE04FB003EE384 /* Resources */,
			);
			buildRules = (
			);
			dependencies = (
			);
			name = WordleSwiftUI;
			productName = WordleSwiftUI;
			productReference = 38171BD027FE04FB003EE384 /* WordleSwiftUI.app */;
			productType = "com.apple.product-type.application";
		};
/* End PBXNativeTarget section */

/* Begin PBXProject section */
		38171BC827FE04FB003EE384 /* Project object */ = {
			isa = PBXProject;
			attributes = {
				LastSwiftUpdateCheck = 1250;
				LastUpgradeCheck = 1250;
				TargetAttributes = {
					38171BCF27FE04FB003EE384 = {
						CreatedOnToolsVersion = 12.5.1;
					};
				};
			};
			buildConfigurationList = 38171BCB27FE04FB003EE384 /* Build configuration list for PBXProject "WordleSwiftUI" */;
			compatibilityVersion = "Xcode 9.3";
			developmentRegion = en;
			hasScannedForEncodings = 0;
			knownRegions = (
				en,
				Base,
			);
			mainGroup = 38171BC727FE04FB003EE384;
			productRefGroup = 38171BD127FE04FB003EE384 /* Products */;
			projectDirPath = "";
			projectRoot = "";
			targets = (
				38171BCF27FE04FB003EE384 /* WordleSwiftUI */,
			);
		};
/* End PBXProject section */

/* Begin PBXResourcesBuildPhase section */
		38171BCE27FE04FB003EE384 /* Resources */ = {
			isa = PBXResourcesBuildPhase;
			buildActionMask = 2147483647;
			files = (
				38171BE027FE04FE003EE384 /* LaunchScreen.storyboard in Resources */,
				38171BDD27FE04FE003EE384 /* Preview Assets.xcassets in Resources */,
				38171BDA27FE04FE003EE384 /* Assets.xcassets in Resources */,
			);
			runOnlyForDeploymentPostprocessing = 0;
		};
/* End PBXResourcesBuildPhase section */

/* Begin PBXSourcesBuildPhase section */
		38171BCC27FE04FB003EE384 /* Sources */ = {
			isa = PBXSourcesBuildPhase;
			buildActionMask = 2147483647;
			files = (
				38171BD427FE04FB003EE384 /* AppDelegate.swift in Sources */,
				38171BF027FE165E003EE384 /* LetterButton.swift in Sources */,
				38171BD627FE04FB003EE384 /* SceneDelegate.swift in Sources */,
				38171BEA27FE101C003EE384 /* GuessRow.swift in Sources */,
				38171BE827FE1011003EE384 /* GuessLabel.swift in Sources */,
				38171BD827FE04FB003EE384 /* ContentView.swift in Sources */,
				38171BEC27FE149C003EE384 /* WordList.swift in Sources */,
				38171BEE27FE14DE003EE384 /* Extensions.swift in Sources */,
			);
			runOnlyForDeploymentPostprocessing = 0;
		};
/* End PBXSourcesBuildPhase section */

/* Begin PBXVariantGroup section */
		38171BDE27FE04FE003EE384 /* LaunchScreen.storyboard */ = {
			isa = PBXVariantGroup;
			children = (
				38171BDF27FE04FE003EE384 /* Base */,
			);
			name = LaunchScreen.storyboard;
			sourceTree = "<group>";
		};
/* End PBXVariantGroup section */

/* Begin XCBuildConfiguration section */
		38171BE227FE04FE003EE384 /* Debug */ = {
			isa = XCBuildConfiguration;
			buildSettings = {
				ALWAYS_SEARCH_USER_PATHS = NO;
				CLANG_ANALYZER_NONNULL = YES;
				CLANG_ANALYZER_NUMBER_OBJECT_CONVERSION = YES_AGGRESSIVE;
				CLANG_CXX_LANGUAGE_STANDARD = "gnu++14";
				CLANG_CXX_LIBRARY = "libc++";
				CLANG_ENABLE_MODULES = YES;
				CLANG_ENABLE_OBJC_ARC = YES;
				CLANG_ENABLE_OBJC_WEAK = YES;
				CLANG_WARN_BLOCK_CAPTURE_AUTORELEASING = YES;
				CLANG_WARN_BOOL_CONVERSION = YES;
				CLANG_WARN_COMMA = YES;
				CLANG_WARN_CONSTANT_CONVERSION = YES;
				CLANG_WARN_DEPRECATED_OBJC_IMPLEMENTATIONS = YES;
				CLANG_WARN_DIRECT_OBJC_ISA_USAGE = YES_ERROR;
				CLANG_WARN_DOCUMENTATION_COMMENTS = YES;
				CLANG_WARN_EMPTY_BODY = YES;
				CLANG_WARN_ENUM_CONVERSION = YES;
				CLANG_WARN_INFINITE_RECURSION = YES;
				CLANG_WARN_INT_CONVERSION = YES;
				CLANG_WARN_NON_LITERAL_NULL_CONVERSION = YES;
				CLANG_WARN_OBJC_IMPLICIT_RETAIN_SELF = YES;
				CLANG_WARN_OBJC_LITERAL_CONVERSION = YES;
				CLANG_WARN_OBJC_ROOT_CLASS = YES_ERROR;
				CLANG_WARN_QUOTED_INCLUDE_IN_FRAMEWORK_HEADER = YES;
				CLANG_WARN_RANGE_LOOP_ANALYSIS = YES;
				CLANG_WARN_STRICT_PROTOTYPES = YES;
				CLANG_WARN_SUSPICIOUS_MOVE = YES;
				CLANG_WARN_UNGUARDED_AVAILABILITY = YES_AGGRESSIVE;
				CLANG_WARN_UNREACHABLE_CODE = YES;
				CLANG_WARN__DUPLICATE_METHOD_MATCH = YES;
				COPY_PHASE_STRIP = NO;
				DEBUG_INFORMATION_FORMAT = dwarf;
				ENABLE_STRICT_OBJC_MSGSEND = YES;
				ENABLE_TESTABILITY = YES;
				GCC_C_LANGUAGE_STANDARD = gnu11;
				GCC_DYNAMIC_NO_PIC = NO;
				GCC_NO_COMMON_BLOCKS = YES;
				GCC_OPTIMIZATION_LEVEL = 0;
				GCC_PREPROCESSOR_DEFINITIONS = (
					"DEBUG=1",
					"$(inherited)",
				);
				GCC_WARN_64_TO_32_BIT_CONVERSION = YES;
				GCC_WARN_ABOUT_RETURN_TYPE = YES_ERROR;
				GCC_WARN_UNDECLARED_SELECTOR = YES;
				GCC_WARN_UNINITIALIZED_AUTOS = YES_AGGRESSIVE;
				GCC_WARN_UNUSED_FUNCTION = YES;
				GCC_WARN_UNUSED_VARIABLE = YES;
				IPHONEOS_DEPLOYMENT_TARGET = 14.5;
				MTL_ENABLE_DEBUG_INFO = INCLUDE_SOURCE;
				MTL_FAST_MATH = YES;
				ONLY_ACTIVE_ARCH = YES;
				SDKROOT = iphoneos;
				SWIFT_ACTIVE_COMPILATION_CONDITIONS = DEBUG;
				SWIFT_OPTIMIZATION_LEVEL = "-Onone";
			};
			name = Debug;
		};
		38171BE327FE04FE003EE384 /* Release */ = {
			isa = XCBuildConfiguration;
			buildSettings = {
				ALWAYS_SEARCH_USER_PATHS = NO;
				CLANG_ANALYZER_NONNULL = YES;
				CLANG_ANALYZER_NUMBER_OBJECT_CONVERSION = YES_AGGRESSIVE;
				CLANG_CXX_LANGUAGE_STANDARD = "gnu++14";
				CLANG_CXX_LIBRARY = "libc++";
				CLANG_ENABLE_MODULES = YES;
				CLANG_ENABLE_OBJC_ARC = YES;
				CLANG_ENABLE_OBJC_WEAK = YES;
				CLANG_WARN_BLOCK_CAPTURE_AUTORELEASING = YES;
				CLANG_WARN_BOOL_CONVERSION = YES;
				CLANG_WARN_COMMA = YES;
				CLANG_WARN_CONSTANT_CONVERSION = YES;
				CLANG_WARN_DEPRECATED_OBJC_IMPLEMENTATIONS = YES;
				CLANG_WARN_DIRECT_OBJC_ISA_USAGE = YES_ERROR;
				CLANG_WARN_DOCUMENTATION_COMMENTS = YES;
				CLANG_WARN_EMPTY_BODY = YES;
				CLANG_WARN_ENUM_CONVERSION = YES;
				CLANG_WARN_INFINITE_RECURSION = YES;
				CLANG_WARN_INT_CONVERSION = YES;
				CLANG_WARN_NON_LITERAL_NULL_CONVERSION = YES;
				CLANG_WARN_OBJC_IMPLICIT_RETAIN_SELF = YES;
				CLANG_WARN_OBJC_LITERAL_CONVERSION = YES;
				CLANG_WARN_OBJC_ROOT_CLASS = YES_ERROR;
				CLANG_WARN_QUOTED_INCLUDE_IN_FRAMEWORK_HEADER = YES;
				CLANG_WARN_RANGE_LOOP_ANALYSIS = YES;
				CLANG_WARN_STRICT_PROTOTYPES = YES;
				CLANG_WARN_SUSPICIOUS_MOVE = YES;
				CLANG_WARN_UNGUARDED_AVAILABILITY = YES_AGGRESSIVE;
				CLANG_WARN_UNREACHABLE_CODE = YES;
				CLANG_WARN__DUPLICATE_METHOD_MATCH = YES;
				COPY_PHASE_STRIP = NO;
				DEBUG_INFORMATION_FORMAT = "dwarf-with-dsym";
				ENABLE_NS_ASSERTIONS = NO;
				ENABLE_STRICT_OBJC_MSGSEND = YES;
				GCC_C_LANGUAGE_STANDARD = gnu11;
				GCC_NO_COMMON_BLOCKS = YES;
				GCC_WARN_64_TO_32_BIT_CONVERSION = YES;
				GCC_WARN_ABOUT_RETURN_TYPE = YES_ERROR;
				GCC_WARN_UNDECLARED_SELECTOR = YES;
				GCC_WARN_UNINITIALIZED_AUTOS = YES_AGGRESSIVE;
				GCC_WARN_UNUSED_FUNCTION = YES;
				GCC_WARN_UNUSED_VARIABLE = YES;
				IPHONEOS_DEPLOYMENT_TARGET = 14.5;
				MTL_ENABLE_DEBUG_INFO = NO;
				MTL_FAST_MATH = YES;
				SDKROOT = iphoneos;
				SWIFT_COMPILATION_MODE = wholemodule;
				SWIFT_OPTIMIZATION_LEVEL = "-O";
				VALIDATE_PRODUCT = YES;
			};
			name = Release;
		};
		38171BE527FE04FE003EE384 /* Debug */ = {
			isa = XCBuildConfiguration;
			buildSettings = {
				ASSETCATALOG_COMPILER_APPICON_NAME = AppIcon;
				ASSETCATALOG_COMPILER_GLOBAL_ACCENT_COLOR_NAME = AccentColor;
				CODE_SIGN_STYLE = Automatic;
				DEVELOPMENT_ASSET_PATHS = "\"WordleSwiftUI/Preview Content\"";
				DEVELOPMENT_TEAM = NM27U8SN8M;
				ENABLE_PREVIEWS = YES;
				INFOPLIST_FILE = WordleSwiftUI/Info.plist;
				LD_RUNPATH_SEARCH_PATHS = (
					"$(inherited)",
					"@executable_path/Frameworks",
				);
				PRODUCT_BUNDLE_IDENTIFIER = com.DocsApps.WordleSwiftUI;
				PRODUCT_NAME = "$(TARGET_NAME)";
				SWIFT_VERSION = 5.0;
				TARGETED_DEVICE_FAMILY = "1,2";
			};
			name = Debug;
		};
		38171BE627FE04FE003EE384 /* Release */ = {
			isa = XCBuildConfiguration;
			buildSettings = {
				ASSETCATALOG_COMPILER_APPICON_NAME = AppIcon;
				ASSETCATALOG_COMPILER_GLOBAL_ACCENT_COLOR_NAME = AccentColor;
				CODE_SIGN_STYLE = Automatic;
				DEVELOPMENT_ASSET_PATHS = "\"WordleSwiftUI/Preview Content\"";
				DEVELOPMENT_TEAM = NM27U8SN8M;
				ENABLE_PREVIEWS = YES;
				INFOPLIST_FILE = WordleSwiftUI/Info.plist;
				LD_RUNPATH_SEARCH_PATHS = (
					"$(inherited)",
					"@executable_path/Frameworks",
				);
				PRODUCT_BUNDLE_IDENTIFIER = com.DocsApps.WordleSwiftUI;
				PRODUCT_NAME = "$(TARGET_NAME)";
				SWIFT_VERSION = 5.0;
				TARGETED_DEVICE_FAMILY = "1,2";
			};
			name = Release;
		};
/* End XCBuildConfiguration section */

/* Begin XCConfigurationList section */
		38171BCB27FE04FB003EE384 /* Build configuration list for PBXProject "WordleSwiftUI" */ = {
			isa = XCConfigurationList;
			buildConfigurations = (
				38171BE227FE04FE003EE384 /* Debug */,
				38171BE327FE04FE003EE384 /* Release */,
			);
			defaultConfigurationIsVisible = 0;
			defaultConfigurationName = Release;
		};
		38171BE427FE04FE003EE384 /* Build configuration list for PBXNativeTarget "WordleSwiftUI" */ = {
			isa = XCConfigurationList;
			buildConfigurations = (
				38171BE527FE04FE003EE384 /* Debug */,
				38171BE627FE04FE003EE384 /* Release */,
			);
			defaultConfigurationIsVisible = 0;
			defaultConfigurationName = Release;
		};
/* End XCConfigurationList section */
	};
	rootObject = 38171BC827FE04FB003EE384 /* Project object */;
}
